
Microsoft Visual Studio Solution File, Format Version 12.00
# Visual Studio Version 17
VisualStudioVersion = 17.1.32210.238
MinimumVisualStudioVersion = 10.0.40219.1
Project("{FAE04EC0-301F-11D3-BF4B-00C04F79EFBC}") = "modul4_1302204031", "modul4_1302204031\modul4_1302204031.csproj", "{90BCF333-702F-4094-BD0D-130903C12741}"
EndProject
Global
	GlobalSection(SolutionConfigurationPlatforms) = preSolution
		Debug|Any CPU = Debug|Any CPU
		Release|Any CPU = Release|Any CPU
	EndGlobalSection
	GlobalSection(ProjectConfigurationPlatforms) = postSolution
		{90BCF333-702F-4094-BD0D-130903C12741}.Debug|Any CPU.ActiveCfg = Debug|Any CPU
		{90BCF333-702F-4094-BD0D-130903C12741}.Debug|Any CPU.Build.0 = Debug|Any CPU
		{90BCF333-702F-4094-BD0D-130903C12741}.Release|Any CPU.ActiveCfg = Release|Any CPU
		{90BCF333-702F-4094-BD0D-130903C12741}.Release|Any CPU.Build.0 = Release|Any CPU
	EndGlobalSection
	GlobalSection(SolutionProperties) = preSolution
		HideSolutionNode = FALSE
	EndGlobalSection
	GlobalSection(ExtensibilityGlobals) = postSolution
		SolutionGuid = {A5B829EC-5FD6-45B3-88FF-51AEB8130E7A}
	EndGlobalSection
EndGlobal
